
Microsoft Visual Studio Solution File, Format Version 12.00
# Visual Studio Version 17
VisualStudioVersion = 17.9.34728.123
MinimumVisualStudioVersion = 10.0.40219.1
Project("{9A19103F-16F7-4668-BE54-9A1E7A4F7556}") = "SF_Module_7", "SF_Module_7\SF_Module_7.csproj", "{08E26563-45CB-47CE-BA08-9F5CF43A9316}"
EndProject
Project("{9A19103F-16F7-4668-BE54-9A1E7A4F7556}") = "Task 7_1_4", "Task 7_1_4\Task 7_1_4.csproj", "{2CC10470-F1DF-48B7-BD35-8CC5B5658108}"
EndProject
Project("{9A19103F-16F7-4668-BE54-9A1E7A4F7556}") = "Task 7_1_5", "Task 7_1_5\Task 7_1_5.csproj", "{DB288FF0-C7B9-4075-9288-0634A4B6E18D}"
EndProject
Project("{9A19103F-16F7-4668-BE54-9A1E7A4F7556}") = "Task 7_1_6", "Task 7_1_6\Task 7_1_6.csproj", "{44E92F27-1543-4911-8D71-9173013478F5}"
EndProject
Project("{9A19103F-16F7-4668-BE54-9A1E7A4F7556}") = "Task 7_1_10", "Task 7_1_10\Task 7_1_10.csproj", "{95E880D3-08EF-429C-8EF2-EF026449EE54}"
EndProject
Project("{9A19103F-16F7-4668-BE54-9A1E7A4F7556}") = "Task 7_2_3", "Task 7_2_3\Task 7_2_3.csproj", "{930E7629-B4BD-46FA-89CD-9D807121C83F}"
EndProject
Project("{9A19103F-16F7-4668-BE54-9A1E7A4F7556}") = "Task 7_2_4", "Task 7_2_4\Task 7_2_4.csproj", "{679A7438-F204-47F3-B8BF-3E33FD42EC7E}"
EndProject
Project("{9A19103F-16F7-4668-BE54-9A1E7A4F7556}") = "Task 7_2_7", "Task 7_2_7\Task 7_2_7.csproj", "{0F4D975A-446E-40CC-800C-5CA8EA5942AD}"
EndProject
Project("{9A19103F-16F7-4668-BE54-9A1E7A4F7556}") = "Task 7_2_12", "Task 7_2_12\Task 7_2_12.csproj", "{F5E28A61-8D97-4ADC-8B36-754CC7D37626}"
EndProject
Project("{9A19103F-16F7-4668-BE54-9A1E7A4F7556}") = "Task 7_2_14", "Task 7_2_14\Task 7_2_14.csproj", "{E076DA22-2482-42BA-8EA3-D0F1208723F0}"
EndProject
Project("{9A19103F-16F7-4668-BE54-9A1E7A4F7556}") = "Task 7_3_3", "Task 7_3_3\Task 7_3_3.csproj", "{C4FA4CC7-D242-4EED-8EC2-F381AE436722}"
EndProject
Project("{9A19103F-16F7-4668-BE54-9A1E7A4F7556}") = "Task 7_5_3", "Task 7_5_3\Task 7_5_3.csproj", "{AAF65612-A7B0-4E88-A144-5E5786F1D7DB}"
EndProject
Project("{9A19103F-16F7-4668-BE54-9A1E7A4F7556}") = "Task 7_5_5", "Task 7_5_5\Task 7_5_5.csproj", "{22B505C6-0A9F-43EE-B6AF-4C9F40910307}"
EndProject
Project("{9A19103F-16F7-4668-BE54-9A1E7A4F7556}") = "Task 7_5_9", "Task 7_5_9\Task 7_5_9.csproj", "{BED70B1A-1E30-4866-9B59-5BE88BF47156}"
EndProject
Project("{FAE04EC0-301F-11D3-BF4B-00C04F79EFBC}") = "Task 7_6_2", "Task 7_6_2\Task 7_6_2.csproj", "{BFB21026-E179-4587-BDE9-0885426601F0}"
EndProject
Global
	GlobalSection(SolutionConfigurationPlatforms) = preSolution
		Debug|Any CPU = Debug|Any CPU
		Release|Any CPU = Release|Any CPU
	EndGlobalSection
	GlobalSection(ProjectConfigurationPlatforms) = postSolution
		{08E26563-45CB-47CE-BA08-9F5CF43A9316}.Debug|Any CPU.ActiveCfg = Debug|Any CPU
		{08E26563-45CB-47CE-BA08-9F5CF43A9316}.Debug|Any CPU.Build.0 = Debug|Any CPU
		{08E26563-45CB-47CE-BA08-9F5CF43A9316}.Release|Any CPU.ActiveCfg = Release|Any CPU
		{08E26563-45CB-47CE-BA08-9F5CF43A9316}.Release|Any CPU.Build.0 = Release|Any CPU
		{2CC10470-F1DF-48B7-BD35-8CC5B5658108}.Debug|Any CPU.ActiveCfg = Debug|Any CPU
		{2CC10470-F1DF-48B7-BD35-8CC5B5658108}.Debug|Any CPU.Build.0 = Debug|Any CPU
		{2CC10470-F1DF-48B7-BD35-8CC5B5658108}.Release|Any CPU.ActiveCfg = Release|Any CPU
		{2CC10470-F1DF-48B7-BD35-8CC5B5658108}.Release|Any CPU.Build.0 = Release|Any CPU
		{DB288FF0-C7B9-4075-9288-0634A4B6E18D}.Debug|Any CPU.ActiveCfg = Debug|Any CPU
		{DB288FF0-C7B9-4075-9288-0634A4B6E18D}.Debug|Any CPU.Build.0 = Debug|Any CPU
		{DB288FF0-C7B9-4075-9288-0634A4B6E18D}.Release|Any CPU.ActiveCfg = Release|Any CPU
		{DB288FF0-C7B9-4075-9288-0634A4B6E18D}.Release|Any CPU.Build.0 = Release|Any CPU
		{44E92F27-1543-4911-8D71-9173013478F5}.Debug|Any CPU.ActiveCfg = Debug|Any CPU
		{44E92F27-1543-4911-8D71-9173013478F5}.Debug|Any CPU.Build.0 = Debug|Any CPU
		{44E92F27-1543-4911-8D71-9173013478F5}.Release|Any CPU.ActiveCfg = Release|Any CPU
		{44E92F27-1543-4911-8D71-9173013478F5}.Release|Any CPU.Build.0 = Release|Any CPU
		{95E880D3-08EF-429C-8EF2-EF026449EE54}.Debug|Any CPU.ActiveCfg = Debug|Any CPU
		{95E880D3-08EF-429C-8EF2-EF026449EE54}.Debug|Any CPU.Build.0 = Debug|Any CPU
		{95E880D3-08EF-429C-8EF2-EF026449EE54}.Release|Any CPU.ActiveCfg = Release|Any CPU
		{95E880D3-08EF-429C-8EF2-EF026449EE54}.Release|Any CPU.Build.0 = Release|Any CPU
		{930E7629-B4BD-46FA-89CD-9D807121C83F}.Debug|Any CPU.ActiveCfg = Debug|Any CPU
		{930E7629-B4BD-46FA-89CD-9D807121C83F}.Debug|Any CPU.Build.0 = Debug|Any CPU
		{930E7629-B4BD-46FA-89CD-9D807121C83F}.Release|Any CPU.ActiveCfg = Release|Any CPU
		{930E7629-B4BD-46FA-89CD-9D807121C83F}.Release|Any CPU.Build.0 = Release|Any CPU
		{679A7438-F204-47F3-B8BF-3E33FD42EC7E}.Debug|Any CPU.ActiveCfg = Debug|Any CPU
		{679A7438-F204-47F3-B8BF-3E33FD42EC7E}.Debug|Any CPU.Build.0 = Debug|Any CPU
		{679A7438-F204-47F3-B8BF-3E33FD42EC7E}.Release|Any CPU.ActiveCfg = Release|Any CPU
		{679A7438-F204-47F3-B8BF-3E33FD42EC7E}.Release|Any CPU.Build.0 = Release|Any CPU
		{0F4D975A-446E-40CC-800C-5CA8EA5942AD}.Debug|Any CPU.ActiveCfg = Debug|Any CPU
		{0F4D975A-446E-40CC-800C-5CA8EA5942AD}.Debug|Any CPU.Build.0 = Debug|Any CPU
		{0F4D975A-446E-40CC-800C-5CA8EA5942AD}.Release|Any CPU.ActiveCfg = Release|Any CPU
		{0F4D975A-446E-40CC-800C-5CA8EA5942AD}.Release|Any CPU.Build.0 = Release|Any CPU
		{F5E28A61-8D97-4ADC-8B36-754CC7D37626}.Debug|Any CPU.ActiveCfg = Debug|Any CPU
		{F5E28A61-8D97-4ADC-8B36-754CC7D37626}.Debug|Any CPU.Build.0 = Debug|Any CPU
		{F5E28A61-8D97-4ADC-8B36-754CC7D37626}.Release|Any CPU.ActiveCfg = Release|Any CPU
		{F5E28A61-8D97-4ADC-8B36-754CC7D37626}.Release|Any CPU.Build.0 = Release|Any CPU
		{E076DA22-2482-42BA-8EA3-D0F1208723F0}.Debug|Any CPU.ActiveCfg = Debug|Any CPU
		{E076DA22-2482-42BA-8EA3-D0F1208723F0}.Debug|Any CPU.Build.0 = Debug|Any CPU
		{E076DA22-2482-42BA-8EA3-D0F1208723F0}.Release|Any CPU.ActiveCfg = Release|Any CPU
		{E076DA22-2482-42BA-8EA3-D0F1208723F0}.Release|Any CPU.Build.0 = Release|Any CPU
		{C4FA4CC7-D242-4EED-8EC2-F381AE436722}.Debug|Any CPU.ActiveCfg = Debug|Any CPU
		{C4FA4CC7-D242-4EED-8EC2-F381AE436722}.Debug|Any CPU.Build.0 = Debug|Any CPU
		{C4FA4CC7-D242-4EED-8EC2-F381AE436722}.Release|Any CPU.ActiveCfg = Release|Any CPU
		{C4FA4CC7-D242-4EED-8EC2-F381AE436722}.Release|Any CPU.Build.0 = Release|Any CPU
		{AAF65612-A7B0-4E88-A144-5E5786F1D7DB}.Debug|Any CPU.ActiveCfg = Debug|Any CPU
		{AAF65612-A7B0-4E88-A144-5E5786F1D7DB}.Debug|Any CPU.Build.0 = Debug|Any CPU
		{AAF65612-A7B0-4E88-A144-5E5786F1D7DB}.Release|Any CPU.ActiveCfg = Release|Any CPU
		{AAF65612-A7B0-4E88-A144-5E5786F1D7DB}.Release|Any CPU.Build.0 = Release|Any CPU
		{22B505C6-0A9F-43EE-B6AF-4C9F40910307}.Debug|Any CPU.ActiveCfg = Debug|Any CPU
		{22B505C6-0A9F-43EE-B6AF-4C9F40910307}.Debug|Any CPU.Build.0 = Debug|Any CPU
		{22B505C6-0A9F-43EE-B6AF-4C9F40910307}.Release|Any CPU.ActiveCfg = Release|Any CPU
		{22B505C6-0A9F-43EE-B6AF-4C9F40910307}.Release|Any CPU.Build.0 = Release|Any CPU
		{BED70B1A-1E30-4866-9B59-5BE88BF47156}.Debug|Any CPU.ActiveCfg = Debug|Any CPU
		{BED70B1A-1E30-4866-9B59-5BE88BF47156}.Debug|Any CPU.Build.0 = Debug|Any CPU
		{BED70B1A-1E30-4866-9B59-5BE88BF47156}.Release|Any CPU.ActiveCfg = Release|Any CPU
		{BED70B1A-1E30-4866-9B59-5BE88BF47156}.Release|Any CPU.Build.0 = Release|Any CPU
		{BFB21026-E179-4587-BDE9-0885426601F0}.Debug|Any CPU.ActiveCfg = Debug|Any CPU
		{BFB21026-E179-4587-BDE9-0885426601F0}.Debug|Any CPU.Build.0 = Debug|Any CPU
		{BFB21026-E179-4587-BDE9-0885426601F0}.Release|Any CPU.ActiveCfg = Release|Any CPU
		{BFB21026-E179-4587-BDE9-0885426601F0}.Release|Any CPU.Build.0 = Release|Any CPU
	EndGlobalSection
	GlobalSection(SolutionProperties) = preSolution
		HideSolutionNode = FALSE
	EndGlobalSection
	GlobalSection(ExtensibilityGlobals) = postSolution
		SolutionGuid = {213752B7-B01E-469D-ABD3-1C52FE4841E3}
	EndGlobalSection
EndGlobal
