
Microsoft Visual Studio Solution File, Format Version 12.00
# Visual Studio Version 17
VisualStudioVersion = 17.9.34728.123
MinimumVisualStudioVersion = 10.0.40219.1
Project("{FAE04EC0-301F-11D3-BF4B-00C04F79EFBC}") = "SF_Module_7", "SF_Module_7\SF_Module_7.csproj", "{08E26563-45CB-47CE-BA08-9F5CF43A9316}"
EndProject
Project("{FAE04EC0-301F-11D3-BF4B-00C04F79EFBC}") = "Task 7_1_4", "Task 7_1_4\Task 7_1_4.csproj", "{2CC10470-F1DF-48B7-BD35-8CC5B5658108}"
EndProject
Project("{FAE04EC0-301F-11D3-BF4B-00C04F79EFBC}") = "Task 7_1_5", "Task 7_1_5\Task 7_1_5.csproj", "{DB288FF0-C7B9-4075-9288-0634A4B6E18D}"
EndProject
Project("{FAE04EC0-301F-11D3-BF4B-00C04F79EFBC}") = "Task 7_1_6", "Task 7_1_6\Task 7_1_6.csproj", "{44E92F27-1543-4911-8D71-9173013478F5}"
EndProject
Global
	GlobalSection(SolutionConfigurationPlatforms) = preSolution
		Debug|Any CPU = Debug|Any CPU
		Release|Any CPU = Release|Any CPU
	EndGlobalSection
	GlobalSection(ProjectConfigurationPlatforms) = postSolution
		{08E26563-45CB-47CE-BA08-9F5CF43A9316}.Debug|Any CPU.ActiveCfg = Debug|Any CPU
		{08E26563-45CB-47CE-BA08-9F5CF43A9316}.Debug|Any CPU.Build.0 = Debug|Any CPU
		{08E26563-45CB-47CE-BA08-9F5CF43A9316}.Release|Any CPU.ActiveCfg = Release|Any CPU
		{08E26563-45CB-47CE-BA08-9F5CF43A9316}.Release|Any CPU.Build.0 = Release|Any CPU
		{2CC10470-F1DF-48B7-BD35-8CC5B5658108}.Debug|Any CPU.ActiveCfg = Debug|Any CPU
		{2CC10470-F1DF-48B7-BD35-8CC5B5658108}.Debug|Any CPU.Build.0 = Debug|Any CPU
		{2CC10470-F1DF-48B7-BD35-8CC5B5658108}.Release|Any CPU.ActiveCfg = Release|Any CPU
		{2CC10470-F1DF-48B7-BD35-8CC5B5658108}.Release|Any CPU.Build.0 = Release|Any CPU
		{DB288FF0-C7B9-4075-9288-0634A4B6E18D}.Debug|Any CPU.ActiveCfg = Debug|Any CPU
		{DB288FF0-C7B9-4075-9288-0634A4B6E18D}.Debug|Any CPU.Build.0 = Debug|Any CPU
		{DB288FF0-C7B9-4075-9288-0634A4B6E18D}.Release|Any CPU.ActiveCfg = Release|Any CPU
		{DB288FF0-C7B9-4075-9288-0634A4B6E18D}.Release|Any CPU.Build.0 = Release|Any CPU
		{44E92F27-1543-4911-8D71-9173013478F5}.Debug|Any CPU.ActiveCfg = Debug|Any CPU
		{44E92F27-1543-4911-8D71-9173013478F5}.Debug|Any CPU.Build.0 = Debug|Any CPU
		{44E92F27-1543-4911-8D71-9173013478F5}.Release|Any CPU.ActiveCfg = Release|Any CPU
		{44E92F27-1543-4911-8D71-9173013478F5}.Release|Any CPU.Build.0 = Release|Any CPU
	EndGlobalSection
	GlobalSection(SolutionProperties) = preSolution
		HideSolutionNode = FALSE
	EndGlobalSection
	GlobalSection(ExtensibilityGlobals) = postSolution
		SolutionGuid = {213752B7-B01E-469D-ABD3-1C52FE4841E3}
	EndGlobalSection
EndGlobal
